
Microsoft Visual Studio Solution File, Format Version 12.00
# Visual Studio Version 17
VisualStudioVersion = 17.8.34309.116
MinimumVisualStudioVersion = 10.0.40219.1
Project("{FAE04EC0-301F-11D3-BF4B-00C04F79EFBC}") = "TestNunit", "TestNunit\TestNunit.csproj", "{7B630E87-D0AE-459F-B6C1-254D3D4384B1}"
EndProject
Project("{FAE04EC0-301F-11D3-BF4B-00C04F79EFBC}") = "TestWords", "TestWords\TestWords.csproj", "{5184ECA7-5533-4D63-90A1-9A8F7C6AA94A}"
EndProject
Global
	GlobalSection(SolutionConfigurationPlatforms) = preSolution
		Debug|Any CPU = Debug|Any CPU
		Release|Any CPU = Release|Any CPU
	EndGlobalSection
	GlobalSection(ProjectConfigurationPlatforms) = postSolution
		{7B630E87-D0AE-459F-B6C1-254D3D4384B1}.Debug|Any CPU.ActiveCfg = Debug|Any CPU
		{7B630E87-D0AE-459F-B6C1-254D3D4384B1}.Debug|Any CPU.Build.0 = Debug|Any CPU
		{7B630E87-D0AE-459F-B6C1-254D3D4384B1}.Release|Any CPU.ActiveCfg = Release|Any CPU
		{7B630E87-D0AE-459F-B6C1-254D3D4384B1}.Release|Any CPU.Build.0 = Release|Any CPU
		{5184ECA7-5533-4D63-90A1-9A8F7C6AA94A}.Debug|Any CPU.ActiveCfg = Debug|Any CPU
		{5184ECA7-5533-4D63-90A1-9A8F7C6AA94A}.Debug|Any CPU.Build.0 = Debug|Any CPU
		{5184ECA7-5533-4D63-90A1-9A8F7C6AA94A}.Release|Any CPU.ActiveCfg = Release|Any CPU
		{5184ECA7-5533-4D63-90A1-9A8F7C6AA94A}.Release|Any CPU.Build.0 = Release|Any CPU
	EndGlobalSection
	GlobalSection(SolutionProperties) = preSolution
		HideSolutionNode = FALSE
	EndGlobalSection
	GlobalSection(ExtensibilityGlobals) = postSolution
		SolutionGuid = {AE230E66-9103-4878-B9CD-FF489D0C3D1E}
	EndGlobalSection
EndGlobal
